
Microsoft Visual Studio Solution File, Format Version 12.00
# Visual Studio Version 17
VisualStudioVersion = 17.0.31903.59
MinimumVisualStudioVersion = 10.0.40219.1
Project("{FAE04EC0-301F-11D3-BF4B-00C04F79EFBC}") = "RabbitMqCourse.Carts", "RabbitMqCourse.Carts\RabbitMqCourse.Carts.csproj", "{92554A79-0F59-407A-ADAB-10B4AD54C4EC}"
EndProject
Project("{FAE04EC0-301F-11D3-BF4B-00C04F79EFBC}") = "RabbitMqCourse.Funds", "RabbitMqCourse.Funds\RabbitMqCourse.Funds.csproj", "{CE6FCAC9-1234-4449-A374-9DCD9D338C74}"
EndProject
Project("{FAE04EC0-301F-11D3-BF4B-00C04F79EFBC}") = "RabbitMqCourse.Shared", "RabbitMqCourse.Shared\RabbitMqCourse.Shared.csproj", "{0B7D32AF-8E81-4F01-BD73-A51D2441DC99}"
EndProject
Global
	GlobalSection(SolutionConfigurationPlatforms) = preSolution
		Debug|Any CPU = Debug|Any CPU
		Release|Any CPU = Release|Any CPU
	EndGlobalSection
	GlobalSection(ProjectConfigurationPlatforms) = postSolution
		{92554A79-0F59-407A-ADAB-10B4AD54C4EC}.Debug|Any CPU.ActiveCfg = Debug|Any CPU
		{92554A79-0F59-407A-ADAB-10B4AD54C4EC}.Debug|Any CPU.Build.0 = Debug|Any CPU
		{92554A79-0F59-407A-ADAB-10B4AD54C4EC}.Release|Any CPU.ActiveCfg = Release|Any CPU
		{92554A79-0F59-407A-ADAB-10B4AD54C4EC}.Release|Any CPU.Build.0 = Release|Any CPU
		{CE6FCAC9-1234-4449-A374-9DCD9D338C74}.Debug|Any CPU.ActiveCfg = Debug|Any CPU
		{CE6FCAC9-1234-4449-A374-9DCD9D338C74}.Debug|Any CPU.Build.0 = Debug|Any CPU
		{CE6FCAC9-1234-4449-A374-9DCD9D338C74}.Release|Any CPU.ActiveCfg = Release|Any CPU
		{CE6FCAC9-1234-4449-A374-9DCD9D338C74}.Release|Any CPU.Build.0 = Release|Any CPU
		{0B7D32AF-8E81-4F01-BD73-A51D2441DC99}.Debug|Any CPU.ActiveCfg = Debug|Any CPU
		{0B7D32AF-8E81-4F01-BD73-A51D2441DC99}.Debug|Any CPU.Build.0 = Debug|Any CPU
		{0B7D32AF-8E81-4F01-BD73-A51D2441DC99}.Release|Any CPU.ActiveCfg = Release|Any CPU
		{0B7D32AF-8E81-4F01-BD73-A51D2441DC99}.Release|Any CPU.Build.0 = Release|Any CPU
	EndGlobalSection
	GlobalSection(SolutionProperties) = preSolution
		HideSolutionNode = FALSE
	EndGlobalSection
	GlobalSection(ExtensibilityGlobals) = postSolution
		SolutionGuid = {90366B55-CAB1-44FC-8970-AB5BA951E8AF}
	EndGlobalSection
EndGlobal
